
Microsoft Visual Studio Solution File, Format Version 12.00
# Visual Studio Version 17
VisualStudioVersion = 17.5.33502.453
MinimumVisualStudioVersion = 10.0.40219.1
Project("{8BC9CEB8-8B4A-11D0-8D11-00A0C91BC942}") = "kondisi", "kondisi\kondisi.vcxproj", "{F315E138-2A0B-4481-B4D8-A852782D2643}"
EndProject
Project("{8BC9CEB8-8B4A-11D0-8D11-00A0C91BC942}") = "kondisi_2", "kondisi_2\kondisi_2.vcxproj", "{31C5AB49-C6EC-48EE-9904-9A5840C148D8}"
EndProject
Global
	GlobalSection(SolutionConfigurationPlatforms) = preSolution
		Debug|x64 = Debug|x64
		Debug|x86 = Debug|x86
		Release|x64 = Release|x64
		Release|x86 = Release|x86
	EndGlobalSection
	GlobalSection(ProjectConfigurationPlatforms) = postSolution
		{F315E138-2A0B-4481-B4D8-A852782D2643}.Debug|x64.ActiveCfg = Debug|x64
		{F315E138-2A0B-4481-B4D8-A852782D2643}.Debug|x64.Build.0 = Debug|x64
		{F315E138-2A0B-4481-B4D8-A852782D2643}.Debug|x86.ActiveCfg = Debug|Win32
		{F315E138-2A0B-4481-B4D8-A852782D2643}.Debug|x86.Build.0 = Debug|Win32
		{F315E138-2A0B-4481-B4D8-A852782D2643}.Release|x64.ActiveCfg = Release|x64
		{F315E138-2A0B-4481-B4D8-A852782D2643}.Release|x64.Build.0 = Release|x64
		{F315E138-2A0B-4481-B4D8-A852782D2643}.Release|x86.ActiveCfg = Release|Win32
		{F315E138-2A0B-4481-B4D8-A852782D2643}.Release|x86.Build.0 = Release|Win32
		{31C5AB49-C6EC-48EE-9904-9A5840C148D8}.Debug|x64.ActiveCfg = Debug|x64
		{31C5AB49-C6EC-48EE-9904-9A5840C148D8}.Debug|x64.Build.0 = Debug|x64
		{31C5AB49-C6EC-48EE-9904-9A5840C148D8}.Debug|x86.ActiveCfg = Debug|Win32
		{31C5AB49-C6EC-48EE-9904-9A5840C148D8}.Debug|x86.Build.0 = Debug|Win32
		{31C5AB49-C6EC-48EE-9904-9A5840C148D8}.Release|x64.ActiveCfg = Release|x64
		{31C5AB49-C6EC-48EE-9904-9A5840C148D8}.Release|x64.Build.0 = Release|x64
		{31C5AB49-C6EC-48EE-9904-9A5840C148D8}.Release|x86.ActiveCfg = Release|Win32
		{31C5AB49-C6EC-48EE-9904-9A5840C148D8}.Release|x86.Build.0 = Release|Win32
	EndGlobalSection
	GlobalSection(SolutionProperties) = preSolution
		HideSolutionNode = FALSE
	EndGlobalSection
	GlobalSection(ExtensibilityGlobals) = postSolution
		SolutionGuid = {C30CD6A8-34FB-4CE5-8A23-EA5749D4E762}
	EndGlobalSection
EndGlobal
